
Microsoft Visual Studio Solution File, Format Version 12.00
# Visual Studio Version 16
VisualStudioVersion = 16.0.31911.196
MinimumVisualStudioVersion = 10.0.40219.1
Project("{FAE04EC0-301F-11D3-BF4B-00C04F79EFBC}") = "DEC Support Desk Ticketing System", "DEC Support Desk Ticketing System\DEC Support Desk Ticketing System.csproj", "{6505E96B-B26B-4399-A336-424225ECCBDF}"
EndProject
Global
	GlobalSection(SolutionConfigurationPlatforms) = preSolution
		Debug|Any CPU = Debug|Any CPU
		Release|Any CPU = Release|Any CPU
	EndGlobalSection
	GlobalSection(ProjectConfigurationPlatforms) = postSolution
		{6505E96B-B26B-4399-A336-424225ECCBDF}.Debug|Any CPU.ActiveCfg = Debug|Any CPU
		{6505E96B-B26B-4399-A336-424225ECCBDF}.Debug|Any CPU.Build.0 = Debug|Any CPU
		{6505E96B-B26B-4399-A336-424225ECCBDF}.Release|Any CPU.ActiveCfg = Release|Any CPU
		{6505E96B-B26B-4399-A336-424225ECCBDF}.Release|Any CPU.Build.0 = Release|Any CPU
	EndGlobalSection
	GlobalSection(SolutionProperties) = preSolution
		HideSolutionNode = FALSE
	EndGlobalSection
	GlobalSection(ExtensibilityGlobals) = postSolution
		SolutionGuid = {1CB3CC9C-6306-4AF7-A2BA-9C3265AA0CFB}
	EndGlobalSection
EndGlobal
